{
  "name": "@max/npm-bin-example-host",
  "version": "1.0.0",
  "lockfileVersion": 3,
  "requires": true,
  "packages": {
    "": {
      "name": "@max/npm-bin-example-host",
      "version": "1.0.0",
      "license": "ISC",
      "devDependencies": {
        "@max/npm-bin-example-package": "file:../package"
      }
    },
    "../package": {
      "name": "@max/npm-bin-example-package",
      "version": "1.0.0",
      "dev": true,
      "license": "ISC",
      "bin": {
        "npm-bin-example": "index"
      }
    },
    "node_modules/@max/npm-bin-example-package": {
      "resolved": "../package",
      "link": true
    }
  }
}
